<?xml version="1.0" encoding="utf-8"?>
<Project ToolsVersion="4.0" xmlns="http://schemas.microsoft.com/developer/msbuild/2003">
  <ItemGroup>
    <Filter Include="Source Files">
      <UniqueIdentifier>{4FC737F1-C7A5-4376-A066-2A32D752A2FF}</UniqueIdentifier>
      <Extensions>cpp;c;cc;cxx;def;odl;idl;hpj;bat;asm;asmx</Extensions>
    </Filter>
    <Filter Include="Header Files">
      <UniqueIdentifier>{93995380-89BD-4b04-88EB-625FBE52EBFB}</UniqueIdentifier>
      <Extensions>h;hh;hpp;hxx;hm;inl;inc;ipp;xsd</Extensions>
    </Filter>
    <Filter Include="Resource Files">
      <UniqueIdentifier>{67DA6AB6-F800-4c08-8B7A-83BB121AAD01}</UniqueIdentifier>
      <Extensions>rc;ico;cur;bmp;dlg;rc2;rct;bin;rgs;gif;jpg;jpeg;jpe;resx;tiff;tif;png;wav;mfcribbon-ms</Extensions>
    </Filter>
    <Filter Include="Header Files\GameStateManager">
      <UniqueIdentifier>{de53b14d-7d74-4b51-8482-2153bc004602}</UniqueIdentifier>
    </Filter>
    <Filter Include="Source Files\GameStateManager">
      <UniqueIdentifier>{d834fde4-2848-4e0e-bceb-d4a531157ec4}</UniqueIdentifier>
    </Filter>
    <Filter Include="Source Files\State">
      <UniqueIdentifier>{d749b8df-65bd-45ff-a159-4dec5f4469d9}</UniqueIdentifier>
    </Filter>
    <Filter Include="Header Files\State">
      <UniqueIdentifier>{106501d3-8729-4631-bcd6-b6858436807f}</UniqueIdentifier>
    </Filter>
    <Filter Include="Header Files\Utilities">
      <UniqueIdentifier>{284e2d1a-5d6d-4fbc-897c-eaa48e710348}</UniqueIdentifier>
    </Filter>
    <Filter Include="Source Files\Utilities">
      <UniqueIdentifier>{2318c5c3-2478-4173-bac9-f3dc9fcb989e}</UniqueIdentifier>
    </Filter>
    <Filter Include="Header Files\GameObject">
      <UniqueIdentifier>{a494f2ba-69a9-40b0-bb26-b4eb46b1542b}</UniqueIdentifier>
    </Filter>
    <Filter Include="Source Files\GameObject">
      <UniqueIdentifier>{86b2468f-10a4-4eeb-96b8-1f1e9431b75f}</UniqueIdentifier>
    </Filter>
    <Filter Include="Source Files\GameObject\Objects">
      <UniqueIdentifier>{9fa3cfa8-9f95-4f10-8bf3-9a59b31d9830}</UniqueIdentifier>
    </Filter>
    <Filter Include="Header Files\GameObject\Objects">
      <UniqueIdentifier>{f09fa7af-3fc7-457c-8738-8c6a4cdfb8e0}</UniqueIdentifier>
    </Filter>
    <Filter Include="Header Files\GameObject\Objects\GUI">
      <UniqueIdentifier>{63e925a6-64ca-47f9-a568-933714ce7f3c}</UniqueIdentifier>
    </Filter>
    <Filter Include="Source Files\GameObject\Objects\GUI">
      <UniqueIdentifier>{937044d5-ef43-4773-b970-20115d15a2b7}</UniqueIdentifier>
    </Filter>
    <Filter Include="Source Files\GameObject\Objects\GUI\Text">
      <UniqueIdentifier>{6e006cfd-705d-4ecc-92cc-e2085a27b243}</UniqueIdentifier>
    </Filter>
    <Filter Include="Header Files\GameObject\Objects\GUI\Text">
      <UniqueIdentifier>{c32b78fa-22c4-428e-8b23-0583e055664f}</UniqueIdentifier>
    </Filter>
  </ItemGroup>
  <ItemGroup>
    <ClInclude Include="Deadline.h">
      <Filter>Header Files</Filter>
    </ClInclude>
    <ClInclude Include="Game.h">
      <Filter>Header Files</Filter>
    </ClInclude>
    <ClInclude Include="GameStateManager.h">
      <Filter>Header Files\GameStateManager</Filter>
    </ClInclude>
    <ClInclude Include="State.h">
      <Filter>Header Files\State</Filter>
    </ClInclude>
    <ClInclude Include="GameHelper.h">
      <Filter>Header Files\Utilities</Filter>
    </ClInclude>
    <ClInclude Include="BasicSettings.h">
      <Filter>Header Files\Utilities</Filter>
    </ClInclude>
    <ClInclude Include="Menu.h">
      <Filter>Header Files\State</Filter>
    </ClInclude>
    <ClInclude Include="GameObject.h">
      <Filter>Header Files\GameObject</Filter>
    </ClInclude>
    <ClInclude Include="Text.h">
      <Filter>Header Files\GameObject\Objects\GUI\Text</Filter>
    </ClInclude>
    <ClInclude Include="TextInfo.h">
      <Filter>Header Files\GameObject\Objects\GUI\Text</Filter>
    </ClInclude>
  </ItemGroup>
  <ItemGroup>
    <ClCompile Include="Deadline.cpp">
      <Filter>Source Files</Filter>
    </ClCompile>
    <ClCompile Include="Game.cpp">
      <Filter>Source Files</Filter>
    </ClCompile>
    <ClCompile Include="GameStateManager.cpp">
      <Filter>Source Files\GameStateManager</Filter>
    </ClCompile>
    <ClCompile Include="State.cpp">
      <Filter>Source Files\State</Filter>
    </ClCompile>
    <ClCompile Include="GameHelper.cpp">
      <Filter>Source Files\Utilities</Filter>
    </ClCompile>
    <ClCompile Include="BasicSettings.cpp">
      <Filter>Source Files\Utilities</Filter>
    </ClCompile>
    <ClCompile Include="Menu.cpp">
      <Filter>Source Files\State</Filter>
    </ClCompile>
    <ClCompile Include="GameObject.cpp">
      <Filter>Source Files\GameObject</Filter>
    </ClCompile>
    <ClCompile Include="Text.cpp">
      <Filter>Source Files\GameObject\Objects\GUI\Text</Filter>
    </ClCompile>
    <ClCompile Include="TextInfo.cpp">
      <Filter>Source Files\GameObject\Objects\GUI\Text</Filter>
    </ClCompile>
  </ItemGroup>
</Project>